
Microsoft Visual Studio Solution File, Format Version 12.00
# Visual Studio 15
VisualStudioVersion = 15.0.25920.0
MinimumVisualStudioVersion = 10.0.40219.1
Project("{2150E333-8FDC-42A3-9474-1A3956D46DE8}") = "Solution Items", "Solution Items", "{5F3BDA62-8052-4C37-97A0-94354AA971B0}"
	ProjectSection(SolutionItems) = preProject
		appveyor.yml = appveyor.yml
		StrongName.pfx = StrongName.pfx
	EndProjectSection
EndProject
Project("{9A19103F-16F7-4668-BE54-9A1E7A4F7556}") = "System.IO.Abstractions", "src\System.IO.Abstractions\System.IO.Abstractions.csproj", "{AA357E3A-725C-4B03-B0ED-EF7782DC98AA}"
EndProject
Project("{2150E333-8FDC-42A3-9474-1A3956D46DE8}") = "src", "src", "{61006C78-5F63-485A-8104-4EB59441D59D}"
EndProject
Project("{2150E333-8FDC-42A3-9474-1A3956D46DE8}") = "test", "test", "{74507DB2-6F4A-424F-913B-2999F3A99C37}"
EndProject
Project("{9A19103F-16F7-4668-BE54-9A1E7A4F7556}") = "System.IO.Abstractions.TestingHelpers", "src\System.IO.Abstractions.TestingHelpers\System.IO.Abstractions.TestingHelpers.csproj", "{D0A84FBE-007D-4D7C-973A-7AFE3E7B1A39}"
EndProject
Project("{9A19103F-16F7-4668-BE54-9A1E7A4F7556}") = "System.IO.Abstractions.TestingHelpers.Tests", "test\System.IO.Abstractions.TestingHelpers.Tests\System.IO.Abstractions.TestingHelpers.Tests.csproj", "{A6816866-DB02-4007-AB42-F4B4A89A5A3A}"
EndProject
Global
	GlobalSection(SolutionConfigurationPlatforms) = preSolution
		Debug|Any CPU = Debug|Any CPU
		Debug|x64 = Debug|x64
		Debug|x86 = Debug|x86
		Release|Any CPU = Release|Any CPU
		Release|x64 = Release|x64
		Release|x86 = Release|x86
	EndGlobalSection
	GlobalSection(ProjectConfigurationPlatforms) = postSolution
		{AA357E3A-725C-4B03-B0ED-EF7782DC98AA}.Debug|Any CPU.ActiveCfg = Debug|Any CPU
		{AA357E3A-725C-4B03-B0ED-EF7782DC98AA}.Debug|Any CPU.Build.0 = Debug|Any CPU
		{AA357E3A-725C-4B03-B0ED-EF7782DC98AA}.Debug|x64.ActiveCfg = Debug|x64
		{AA357E3A-725C-4B03-B0ED-EF7782DC98AA}.Debug|x64.Build.0 = Debug|x64
		{AA357E3A-725C-4B03-B0ED-EF7782DC98AA}.Debug|x86.ActiveCfg = Debug|x86
		{AA357E3A-725C-4B03-B0ED-EF7782DC98AA}.Debug|x86.Build.0 = Debug|x86
		{AA357E3A-725C-4B03-B0ED-EF7782DC98AA}.Release|Any CPU.ActiveCfg = Release|Any CPU
		{AA357E3A-725C-4B03-B0ED-EF7782DC98AA}.Release|Any CPU.Build.0 = Release|Any CPU
		{AA357E3A-725C-4B03-B0ED-EF7782DC98AA}.Release|x64.ActiveCfg = Release|x64
		{AA357E3A-725C-4B03-B0ED-EF7782DC98AA}.Release|x64.Build.0 = Release|x64
		{AA357E3A-725C-4B03-B0ED-EF7782DC98AA}.Release|x86.ActiveCfg = Release|x86
		{AA357E3A-725C-4B03-B0ED-EF7782DC98AA}.Release|x86.Build.0 = Release|x86
		{D0A84FBE-007D-4D7C-973A-7AFE3E7B1A39}.Debug|Any CPU.ActiveCfg = Debug|Any CPU
		{D0A84FBE-007D-4D7C-973A-7AFE3E7B1A39}.Debug|Any CPU.Build.0 = Debug|Any CPU
		{D0A84FBE-007D-4D7C-973A-7AFE3E7B1A39}.Debug|x64.ActiveCfg = Debug|x64
		{D0A84FBE-007D-4D7C-973A-7AFE3E7B1A39}.Debug|x64.Build.0 = Debug|x64
		{D0A84FBE-007D-4D7C-973A-7AFE3E7B1A39}.Debug|x86.ActiveCfg = Debug|x86
		{D0A84FBE-007D-4D7C-973A-7AFE3E7B1A39}.Debug|x86.Build.0 = Debug|x86
		{D0A84FBE-007D-4D7C-973A-7AFE3E7B1A39}.Release|Any CPU.ActiveCfg = Release|Any CPU
		{D0A84FBE-007D-4D7C-973A-7AFE3E7B1A39}.Release|Any CPU.Build.0 = Release|Any CPU
		{D0A84FBE-007D-4D7C-973A-7AFE3E7B1A39}.Release|x64.ActiveCfg = Release|x64
		{D0A84FBE-007D-4D7C-973A-7AFE3E7B1A39}.Release|x64.Build.0 = Release|x64
		{D0A84FBE-007D-4D7C-973A-7AFE3E7B1A39}.Release|x86.ActiveCfg = Release|x86
		{D0A84FBE-007D-4D7C-973A-7AFE3E7B1A39}.Release|x86.Build.0 = Release|x86
		{A6816866-DB02-4007-AB42-F4B4A89A5A3A}.Debug|Any CPU.ActiveCfg = Debug|Any CPU
		{A6816866-DB02-4007-AB42-F4B4A89A5A3A}.Debug|Any CPU.Build.0 = Debug|Any CPU
		{A6816866-DB02-4007-AB42-F4B4A89A5A3A}.Debug|x64.ActiveCfg = Debug|x64
		{A6816866-DB02-4007-AB42-F4B4A89A5A3A}.Debug|x64.Build.0 = Debug|x64
		{A6816866-DB02-4007-AB42-F4B4A89A5A3A}.Debug|x86.ActiveCfg = Debug|x86
		{A6816866-DB02-4007-AB42-F4B4A89A5A3A}.Debug|x86.Build.0 = Debug|x86
		{A6816866-DB02-4007-AB42-F4B4A89A5A3A}.Release|Any CPU.ActiveCfg = Release|Any CPU
		{A6816866-DB02-4007-AB42-F4B4A89A5A3A}.Release|Any CPU.Build.0 = Release|Any CPU
		{A6816866-DB02-4007-AB42-F4B4A89A5A3A}.Release|x64.ActiveCfg = Release|x64
		{A6816866-DB02-4007-AB42-F4B4A89A5A3A}.Release|x64.Build.0 = Release|x64
		{A6816866-DB02-4007-AB42-F4B4A89A5A3A}.Release|x86.ActiveCfg = Release|x86
		{A6816866-DB02-4007-AB42-F4B4A89A5A3A}.Release|x86.Build.0 = Release|x86
	EndGlobalSection
	GlobalSection(SolutionProperties) = preSolution
		HideSolutionNode = FALSE
	EndGlobalSection
	GlobalSection(NestedProjects) = preSolution
		{AA357E3A-725C-4B03-B0ED-EF7782DC98AA} = {61006C78-5F63-485A-8104-4EB59441D59D}
		{D0A84FBE-007D-4D7C-973A-7AFE3E7B1A39} = {61006C78-5F63-485A-8104-4EB59441D59D}
		{A6816866-DB02-4007-AB42-F4B4A89A5A3A} = {74507DB2-6F4A-424F-913B-2999F3A99C37}
	EndGlobalSection
EndGlobal
